
Microsoft Visual Studio Solution File, Format Version 12.00
# Visual Studio Version 18
VisualStudioVersion = 18.3.11408.92 d18.3
MinimumVisualStudioVersion = 10.0.40219.1
Project("{FAE04EC0-301F-11D3-BF4B-00C04F79EFBC}") = "ConcurrencyAsync", "ConcurrencyAsync\ConcurrencyAsync.csproj", "{1206649F-FBD0-4AAC-95BB-240D01715506}"
EndProject
Project("{FAE04EC0-301F-11D3-BF4B-00C04F79EFBC}") = "DownloaderWinForm", "DownloaderWinForm\DownloaderWinForm.csproj", "{D9668FA0-D745-422B-B545-678517E2DC31}"
EndProject
Global
	GlobalSection(SolutionConfigurationPlatforms) = preSolution
		Debug|Any CPU = Debug|Any CPU
		Release|Any CPU = Release|Any CPU
	EndGlobalSection
	GlobalSection(ProjectConfigurationPlatforms) = postSolution
		{1206649F-FBD0-4AAC-95BB-240D01715506}.Debug|Any CPU.ActiveCfg = Debug|Any CPU
		{1206649F-FBD0-4AAC-95BB-240D01715506}.Debug|Any CPU.Build.0 = Debug|Any CPU
		{1206649F-FBD0-4AAC-95BB-240D01715506}.Release|Any CPU.ActiveCfg = Release|Any CPU
		{1206649F-FBD0-4AAC-95BB-240D01715506}.Release|Any CPU.Build.0 = Release|Any CPU
		{D9668FA0-D745-422B-B545-678517E2DC31}.Debug|Any CPU.ActiveCfg = Debug|Any CPU
		{D9668FA0-D745-422B-B545-678517E2DC31}.Debug|Any CPU.Build.0 = Debug|Any CPU
		{D9668FA0-D745-422B-B545-678517E2DC31}.Release|Any CPU.ActiveCfg = Release|Any CPU
		{D9668FA0-D745-422B-B545-678517E2DC31}.Release|Any CPU.Build.0 = Release|Any CPU
	EndGlobalSection
	GlobalSection(SolutionProperties) = preSolution
		HideSolutionNode = FALSE
	EndGlobalSection
	GlobalSection(ExtensibilityGlobals) = postSolution
		SolutionGuid = {1DCF4124-B7EE-4227-8D88-954D3E5CE949}
	EndGlobalSection
EndGlobal
