
Microsoft Visual Studio Solution File, Format Version 12.00
Project("{FAE04EC0-301F-11D3-BF4B-00C04F79EFBC}") = "ConcurrencyAsync", "ConcurrencyAsync\ConcurrencyAsync.csproj", "{1206649F-FBD0-4AAC-95BB-240D01715506}"
EndProject
Global
	GlobalSection(SolutionConfigurationPlatforms) = preSolution
		Debug|Any CPU = Debug|Any CPU
		Release|Any CPU = Release|Any CPU
	EndGlobalSection
	GlobalSection(ProjectConfigurationPlatforms) = postSolution
		{1206649F-FBD0-4AAC-95BB-240D01715506}.Debug|Any CPU.ActiveCfg = Debug|Any CPU
		{1206649F-FBD0-4AAC-95BB-240D01715506}.Debug|Any CPU.Build.0 = Debug|Any CPU
		{1206649F-FBD0-4AAC-95BB-240D01715506}.Release|Any CPU.ActiveCfg = Release|Any CPU
		{1206649F-FBD0-4AAC-95BB-240D01715506}.Release|Any CPU.Build.0 = Release|Any CPU
	EndGlobalSection
EndGlobal
